
Microsoft Visual Studio Solution File, Format Version 12.00
# Visual Studio Version 17
VisualStudioVersion = 17.5.33516.290
MinimumVisualStudioVersion = 10.0.40219.1
Project("{FAE04EC0-301F-11D3-BF4B-00C04F79EFBC}") = "GrocerooAPI", "GrocerooAPI.csproj", "{C4C66115-AA0F-4B29-BB3C-17C8E8AF8E0E}"
EndProject
Global
	GlobalSection(SolutionConfigurationPlatforms) = preSolution
		Debug|Any CPU = Debug|Any CPU
		Release|Any CPU = Release|Any CPU
	EndGlobalSection
	GlobalSection(ProjectConfigurationPlatforms) = postSolution
		{C4C66115-AA0F-4B29-BB3C-17C8E8AF8E0E}.Debug|Any CPU.ActiveCfg = Debug|Any CPU
		{C4C66115-AA0F-4B29-BB3C-17C8E8AF8E0E}.Debug|Any CPU.Build.0 = Debug|Any CPU
		{C4C66115-AA0F-4B29-BB3C-17C8E8AF8E0E}.Release|Any CPU.ActiveCfg = Release|Any CPU
		{C4C66115-AA0F-4B29-BB3C-17C8E8AF8E0E}.Release|Any CPU.Build.0 = Release|Any CPU
	EndGlobalSection
	GlobalSection(SolutionProperties) = preSolution
		HideSolutionNode = FALSE
	EndGlobalSection
	GlobalSection(ExtensibilityGlobals) = postSolution
		SolutionGuid = {D073192B-3601-4E58-AEB2-D57D3D3C8660}
	EndGlobalSection
EndGlobal
